
Microsoft Visual Studio Solution File, Format Version 12.00
# Visual Studio 15
VisualStudioVersion = 15.0.28307.168
MinimumVisualStudioVersion = 10.0.40219.1
Project("{FAE04EC0-301F-11D3-BF4B-00C04F79EFBC}") = "ConsoleApp1", "ConsoleApp1\ConsoleApp1.csproj", "{74F79DD8-6D3D-4882-8995-15D1DF60742B}"
EndProject
Global
	GlobalSection(SolutionConfigurationPlatforms) = preSolution
		Debug|Any CPU = Debug|Any CPU
		Release|Any CPU = Release|Any CPU
	EndGlobalSection
	GlobalSection(ProjectConfigurationPlatforms) = postSolution
		{74F79DD8-6D3D-4882-8995-15D1DF60742B}.Debug|Any CPU.ActiveCfg = Debug|Any CPU
		{74F79DD8-6D3D-4882-8995-15D1DF60742B}.Debug|Any CPU.Build.0 = Debug|Any CPU
		{74F79DD8-6D3D-4882-8995-15D1DF60742B}.Release|Any CPU.ActiveCfg = Release|Any CPU
		{74F79DD8-6D3D-4882-8995-15D1DF60742B}.Release|Any CPU.Build.0 = Release|Any CPU
	EndGlobalSection
	GlobalSection(SolutionProperties) = preSolution
		HideSolutionNode = FALSE
	EndGlobalSection
	GlobalSection(ExtensibilityGlobals) = postSolution
		SolutionGuid = {10F9F7FC-5DA7-4548-AC06-54BF032D6639}
	EndGlobalSection
EndGlobal
